{
  "name": "file-system-repository",
  "version": "1.0.0",
  "lockfileVersion": 1,
  "requires": true,
  "dependencies": {
    "@vivintsolar/repository": {
      "version": "file:../repository",
      "requires": {
        "dataloader": "1.4.0",
        "quick-lru": "1.1.0"
      },
      "dependencies": {
        "dataloader": {
          "version": "1.4.0",
          "bundled": true
        },
        "quick-lru": {
          "version": "1.1.0",
          "bundled": true
        }
      }
    },
    "lodash.debounce": {
      "version": "4.0.8",
      "resolved": "https://registry.npmjs.org/lodash.debounce/-/lodash.debounce-4.0.8.tgz",
      "integrity": "sha1-gteb/zCmfEAF/9XiUVMArZyk168="
    }
  }
}
